
Microsoft Visual Studio Solution File, Format Version 12.00
# Visual Studio Version 17
VisualStudioVersion = 17.8.34316.72
MinimumVisualStudioVersion = 10.0.40219.1
Project("{FAE04EC0-301F-11D3-BF4B-00C04F79EFBC}") = "15.6Homework", "15.6Homework\15.6Homework.csproj", "{4AF0B700-4977-4FAD-8A82-2367BF1F7598}"
EndProject
Global
	GlobalSection(SolutionConfigurationPlatforms) = preSolution
		Debug|Any CPU = Debug|Any CPU
		Release|Any CPU = Release|Any CPU
	EndGlobalSection
	GlobalSection(ProjectConfigurationPlatforms) = postSolution
		{4AF0B700-4977-4FAD-8A82-2367BF1F7598}.Debug|Any CPU.ActiveCfg = Debug|Any CPU
		{4AF0B700-4977-4FAD-8A82-2367BF1F7598}.Debug|Any CPU.Build.0 = Debug|Any CPU
		{4AF0B700-4977-4FAD-8A82-2367BF1F7598}.Release|Any CPU.ActiveCfg = Release|Any CPU
		{4AF0B700-4977-4FAD-8A82-2367BF1F7598}.Release|Any CPU.Build.0 = Release|Any CPU
	EndGlobalSection
	GlobalSection(SolutionProperties) = preSolution
		HideSolutionNode = FALSE
	EndGlobalSection
	GlobalSection(ExtensibilityGlobals) = postSolution
		SolutionGuid = {CDFC8755-A84F-472D-B7D9-FCA88A3F3FE1}
	EndGlobalSection
EndGlobal
